
Microsoft Visual Studio Solution File, Format Version 12.00
# Visual Studio Version 16
VisualStudioVersion = 16.0.31702.278
MinimumVisualStudioVersion = 10.0.40219.1
Project("{8BC9CEB8-8B4A-11D0-8D11-00A0C91BC942}") = "20127412", "20127412\20127412.vcxproj", "{0865AC6F-0828-472E-B866-33900C21C2DE}"
EndProject
Global
	GlobalSection(SolutionConfigurationPlatforms) = preSolution
		Debug|x64 = Debug|x64
		Debug|x86 = Debug|x86
		Release|x64 = Release|x64
		Release|x86 = Release|x86
	EndGlobalSection
	GlobalSection(ProjectConfigurationPlatforms) = postSolution
		{0865AC6F-0828-472E-B866-33900C21C2DE}.Debug|x64.ActiveCfg = Debug|x64
		{0865AC6F-0828-472E-B866-33900C21C2DE}.Debug|x64.Build.0 = Debug|x64
		{0865AC6F-0828-472E-B866-33900C21C2DE}.Debug|x86.ActiveCfg = Debug|Win32
		{0865AC6F-0828-472E-B866-33900C21C2DE}.Debug|x86.Build.0 = Debug|Win32
		{0865AC6F-0828-472E-B866-33900C21C2DE}.Release|x64.ActiveCfg = Release|x64
		{0865AC6F-0828-472E-B866-33900C21C2DE}.Release|x64.Build.0 = Release|x64
		{0865AC6F-0828-472E-B866-33900C21C2DE}.Release|x86.ActiveCfg = Release|Win32
		{0865AC6F-0828-472E-B866-33900C21C2DE}.Release|x86.Build.0 = Release|Win32
	EndGlobalSection
	GlobalSection(SolutionProperties) = preSolution
		HideSolutionNode = FALSE
	EndGlobalSection
	GlobalSection(ExtensibilityGlobals) = postSolution
		SolutionGuid = {F24E79A9-BC30-42C2-A4DC-1D64D5A34824}
	EndGlobalSection
EndGlobal
