
Microsoft Visual Studio Solution File, Format Version 12.00
# Visual Studio Version 16
VisualStudioVersion = 16.0.31702.278
MinimumVisualStudioVersion = 10.0.40219.1
Project("{8BC9CEB8-8B4A-11D0-8D11-00A0C91BC942}") = "P02", "P02\P02.vcxproj", "{2A298EA8-91C6-432F-A47D-282EC4B2E692}"
EndProject
Project("{8BC9CEB8-8B4A-11D0-8D11-00A0C91BC942}") = "P22", "P22\P22.vcxproj", "{A9BCD2DA-61C1-483E-BFBC-0806E97E26D2}"
EndProject
Project("{8BC9CEB8-8B4A-11D0-8D11-00A0C91BC942}") = "P06", "P06\P06.vcxproj", "{175DAAF4-C6F8-4982-831E-D15CACA32B0C}"
EndProject
Project("{8BC9CEB8-8B4A-11D0-8D11-00A0C91BC942}") = "P10", "P10\P10.vcxproj", "{392B3185-8B49-4B4D-93EF-9BDF365DC78E}"
EndProject
Project("{8BC9CEB8-8B4A-11D0-8D11-00A0C91BC942}") = "P14", "P14\P14.vcxproj", "{EE59C480-C86C-46F9-BD45-00EB9482932A}"
EndProject
Project("{8BC9CEB8-8B4A-11D0-8D11-00A0C91BC942}") = "P26", "P26\P26.vcxproj", "{2BF7598E-0E11-4252-892D-711A7F9AD6CB}"
EndProject
Project("{8BC9CEB8-8B4A-11D0-8D11-00A0C91BC942}") = "P30", "P30\P30.vcxproj", "{6D460E94-136B-4CE0-A365-479E8933A307}"
EndProject
Project("{8BC9CEB8-8B4A-11D0-8D11-00A0C91BC942}") = "P34", "P34\P34.vcxproj", "{C7BCF29B-2111-4316-9529-CFAB63A14E16}"
EndProject
Project("{8BC9CEB8-8B4A-11D0-8D11-00A0C91BC942}") = "P38", "P38\P38.vcxproj", "{6363A400-FF50-4785-A749-716472B018EC}"
EndProject
Project("{8BC9CEB8-8B4A-11D0-8D11-00A0C91BC942}") = "P18", "P18\P18.vcxproj", "{361429B3-08C9-4499-8373-0522E7490530}"
EndProject
Global
	GlobalSection(SolutionConfigurationPlatforms) = preSolution
		Debug|x64 = Debug|x64
		Debug|x86 = Debug|x86
		Release|x64 = Release|x64
		Release|x86 = Release|x86
	EndGlobalSection
	GlobalSection(ProjectConfigurationPlatforms) = postSolution
		{2A298EA8-91C6-432F-A47D-282EC4B2E692}.Debug|x64.ActiveCfg = Debug|x64
		{2A298EA8-91C6-432F-A47D-282EC4B2E692}.Debug|x64.Build.0 = Debug|x64
		{2A298EA8-91C6-432F-A47D-282EC4B2E692}.Debug|x86.ActiveCfg = Debug|Win32
		{2A298EA8-91C6-432F-A47D-282EC4B2E692}.Debug|x86.Build.0 = Debug|Win32
		{2A298EA8-91C6-432F-A47D-282EC4B2E692}.Release|x64.ActiveCfg = Release|x64
		{2A298EA8-91C6-432F-A47D-282EC4B2E692}.Release|x64.Build.0 = Release|x64
		{2A298EA8-91C6-432F-A47D-282EC4B2E692}.Release|x86.ActiveCfg = Release|Win32
		{2A298EA8-91C6-432F-A47D-282EC4B2E692}.Release|x86.Build.0 = Release|Win32
		{A9BCD2DA-61C1-483E-BFBC-0806E97E26D2}.Debug|x64.ActiveCfg = Debug|x64
		{A9BCD2DA-61C1-483E-BFBC-0806E97E26D2}.Debug|x64.Build.0 = Debug|x64
		{A9BCD2DA-61C1-483E-BFBC-0806E97E26D2}.Debug|x86.ActiveCfg = Debug|Win32
		{A9BCD2DA-61C1-483E-BFBC-0806E97E26D2}.Debug|x86.Build.0 = Debug|Win32
		{A9BCD2DA-61C1-483E-BFBC-0806E97E26D2}.Release|x64.ActiveCfg = Release|x64
		{A9BCD2DA-61C1-483E-BFBC-0806E97E26D2}.Release|x64.Build.0 = Release|x64
		{A9BCD2DA-61C1-483E-BFBC-0806E97E26D2}.Release|x86.ActiveCfg = Release|Win32
		{A9BCD2DA-61C1-483E-BFBC-0806E97E26D2}.Release|x86.Build.0 = Release|Win32
		{175DAAF4-C6F8-4982-831E-D15CACA32B0C}.Debug|x64.ActiveCfg = Debug|x64
		{175DAAF4-C6F8-4982-831E-D15CACA32B0C}.Debug|x64.Build.0 = Debug|x64
		{175DAAF4-C6F8-4982-831E-D15CACA32B0C}.Debug|x86.ActiveCfg = Debug|Win32
		{175DAAF4-C6F8-4982-831E-D15CACA32B0C}.Debug|x86.Build.0 = Debug|Win32
		{175DAAF4-C6F8-4982-831E-D15CACA32B0C}.Release|x64.ActiveCfg = Release|x64
		{175DAAF4-C6F8-4982-831E-D15CACA32B0C}.Release|x64.Build.0 = Release|x64
		{175DAAF4-C6F8-4982-831E-D15CACA32B0C}.Release|x86.ActiveCfg = Release|Win32
		{175DAAF4-C6F8-4982-831E-D15CACA32B0C}.Release|x86.Build.0 = Release|Win32
		{392B3185-8B49-4B4D-93EF-9BDF365DC78E}.Debug|x64.ActiveCfg = Debug|x64
		{392B3185-8B49-4B4D-93EF-9BDF365DC78E}.Debug|x64.Build.0 = Debug|x64
		{392B3185-8B49-4B4D-93EF-9BDF365DC78E}.Debug|x86.ActiveCfg = Debug|Win32
		{392B3185-8B49-4B4D-93EF-9BDF365DC78E}.Debug|x86.Build.0 = Debug|Win32
		{392B3185-8B49-4B4D-93EF-9BDF365DC78E}.Release|x64.ActiveCfg = Release|x64
		{392B3185-8B49-4B4D-93EF-9BDF365DC78E}.Release|x64.Build.0 = Release|x64
		{392B3185-8B49-4B4D-93EF-9BDF365DC78E}.Release|x86.ActiveCfg = Release|Win32
		{392B3185-8B49-4B4D-93EF-9BDF365DC78E}.Release|x86.Build.0 = Release|Win32
		{EE59C480-C86C-46F9-BD45-00EB9482932A}.Debug|x64.ActiveCfg = Debug|x64
		{EE59C480-C86C-46F9-BD45-00EB9482932A}.Debug|x64.Build.0 = Debug|x64
		{EE59C480-C86C-46F9-BD45-00EB9482932A}.Debug|x86.ActiveCfg = Debug|Win32
		{EE59C480-C86C-46F9-BD45-00EB9482932A}.Debug|x86.Build.0 = Debug|Win32
		{EE59C480-C86C-46F9-BD45-00EB9482932A}.Release|x64.ActiveCfg = Release|x64
		{EE59C480-C86C-46F9-BD45-00EB9482932A}.Release|x64.Build.0 = Release|x64
		{EE59C480-C86C-46F9-BD45-00EB9482932A}.Release|x86.ActiveCfg = Release|Win32
		{EE59C480-C86C-46F9-BD45-00EB9482932A}.Release|x86.Build.0 = Release|Win32
		{2BF7598E-0E11-4252-892D-711A7F9AD6CB}.Debug|x64.ActiveCfg = Debug|x64
		{2BF7598E-0E11-4252-892D-711A7F9AD6CB}.Debug|x64.Build.0 = Debug|x64
		{2BF7598E-0E11-4252-892D-711A7F9AD6CB}.Debug|x86.ActiveCfg = Debug|Win32
		{2BF7598E-0E11-4252-892D-711A7F9AD6CB}.Debug|x86.Build.0 = Debug|Win32
		{2BF7598E-0E11-4252-892D-711A7F9AD6CB}.Release|x64.ActiveCfg = Release|x64
		{2BF7598E-0E11-4252-892D-711A7F9AD6CB}.Release|x64.Build.0 = Release|x64
		{2BF7598E-0E11-4252-892D-711A7F9AD6CB}.Release|x86.ActiveCfg = Release|Win32
		{2BF7598E-0E11-4252-892D-711A7F9AD6CB}.Release|x86.Build.0 = Release|Win32
		{6D460E94-136B-4CE0-A365-479E8933A307}.Debug|x64.ActiveCfg = Debug|x64
		{6D460E94-136B-4CE0-A365-479E8933A307}.Debug|x64.Build.0 = Debug|x64
		{6D460E94-136B-4CE0-A365-479E8933A307}.Debug|x86.ActiveCfg = Debug|Win32
		{6D460E94-136B-4CE0-A365-479E8933A307}.Debug|x86.Build.0 = Debug|Win32
		{6D460E94-136B-4CE0-A365-479E8933A307}.Release|x64.ActiveCfg = Release|x64
		{6D460E94-136B-4CE0-A365-479E8933A307}.Release|x64.Build.0 = Release|x64
		{6D460E94-136B-4CE0-A365-479E8933A307}.Release|x86.ActiveCfg = Release|Win32
		{6D460E94-136B-4CE0-A365-479E8933A307}.Release|x86.Build.0 = Release|Win32
		{C7BCF29B-2111-4316-9529-CFAB63A14E16}.Debug|x64.ActiveCfg = Debug|x64
		{C7BCF29B-2111-4316-9529-CFAB63A14E16}.Debug|x64.Build.0 = Debug|x64
		{C7BCF29B-2111-4316-9529-CFAB63A14E16}.Debug|x86.ActiveCfg = Debug|Win32
		{C7BCF29B-2111-4316-9529-CFAB63A14E16}.Debug|x86.Build.0 = Debug|Win32
		{C7BCF29B-2111-4316-9529-CFAB63A14E16}.Release|x64.ActiveCfg = Release|x64
		{C7BCF29B-2111-4316-9529-CFAB63A14E16}.Release|x64.Build.0 = Release|x64
		{C7BCF29B-2111-4316-9529-CFAB63A14E16}.Release|x86.ActiveCfg = Release|Win32
		{C7BCF29B-2111-4316-9529-CFAB63A14E16}.Release|x86.Build.0 = Release|Win32
		{6363A400-FF50-4785-A749-716472B018EC}.Debug|x64.ActiveCfg = Debug|x64
		{6363A400-FF50-4785-A749-716472B018EC}.Debug|x64.Build.0 = Debug|x64
		{6363A400-FF50-4785-A749-716472B018EC}.Debug|x86.ActiveCfg = Debug|Win32
		{6363A400-FF50-4785-A749-716472B018EC}.Debug|x86.Build.0 = Debug|Win32
		{6363A400-FF50-4785-A749-716472B018EC}.Release|x64.ActiveCfg = Release|x64
		{6363A400-FF50-4785-A749-716472B018EC}.Release|x64.Build.0 = Release|x64
		{6363A400-FF50-4785-A749-716472B018EC}.Release|x86.ActiveCfg = Release|Win32
		{6363A400-FF50-4785-A749-716472B018EC}.Release|x86.Build.0 = Release|Win32
		{361429B3-08C9-4499-8373-0522E7490530}.Debug|x64.ActiveCfg = Debug|x64
		{361429B3-08C9-4499-8373-0522E7490530}.Debug|x64.Build.0 = Debug|x64
		{361429B3-08C9-4499-8373-0522E7490530}.Debug|x86.ActiveCfg = Debug|Win32
		{361429B3-08C9-4499-8373-0522E7490530}.Debug|x86.Build.0 = Debug|Win32
		{361429B3-08C9-4499-8373-0522E7490530}.Release|x64.ActiveCfg = Release|x64
		{361429B3-08C9-4499-8373-0522E7490530}.Release|x64.Build.0 = Release|x64
		{361429B3-08C9-4499-8373-0522E7490530}.Release|x86.ActiveCfg = Release|Win32
		{361429B3-08C9-4499-8373-0522E7490530}.Release|x86.Build.0 = Release|Win32
	EndGlobalSection
	GlobalSection(SolutionProperties) = preSolution
		HideSolutionNode = FALSE
	EndGlobalSection
	GlobalSection(ExtensibilityGlobals) = postSolution
		SolutionGuid = {44826477-7FA4-4B8D-BDC4-E7F7B69658CB}
	EndGlobalSection
EndGlobal
