
Microsoft Visual Studio Solution File, Format Version 12.00
# Visual Studio Version 16
VisualStudioVersion = 16.0.31702.278
MinimumVisualStudioVersion = 10.0.40219.1
Project("{8BC9CEB8-8B4A-11D0-8D11-00A0C91BC942}") = "P03", "P03\P03.vcxproj", "{BE432A6E-BA63-459A-A6DC-4296765221BD}"
EndProject
Project("{8BC9CEB8-8B4A-11D0-8D11-00A0C91BC942}") = "P12", "P12\P12.vcxproj", "{AFFC8BC6-6A7E-4640-A1BD-19A828EB86FF}"
EndProject
Project("{8BC9CEB8-8B4A-11D0-8D11-00A0C91BC942}") = "P13", "P13\P13.vcxproj", "{C46C4BC1-14A6-494D-B659-82BB733CB690}"
EndProject
Project("{8BC9CEB8-8B4A-11D0-8D11-00A0C91BC942}") = "P08", "P08\P08.vcxproj", "{C5373A3F-CC5C-427F-B0E5-3F1A5CCF5A40}"
EndProject
Project("{8BC9CEB8-8B4A-11D0-8D11-00A0C91BC942}") = "P09", "P09\P09.vcxproj", "{489F29B8-2311-448C-97E6-FDE38952EE40}"
EndProject
Project("{8BC9CEB8-8B4A-11D0-8D11-00A0C91BC942}") = "P10", "P10\P10.vcxproj", "{7E0FAC3B-8FFE-4F8B-A7B1-866A8ED268EC}"
EndProject
Project("{8BC9CEB8-8B4A-11D0-8D11-00A0C91BC942}") = "P14", "P14\P14.vcxproj", "{8C28FDFF-22CB-4EC9-A4F5-3C0CEBD5E067}"
EndProject
Project("{8BC9CEB8-8B4A-11D0-8D11-00A0C91BC942}") = "P15", "P15\P15.vcxproj", "{36F61E7E-5295-48F7-AAB7-C0F96352F555}"
EndProject
Project("{8BC9CEB8-8B4A-11D0-8D11-00A0C91BC942}") = "P21", "P21\P21.vcxproj", "{98F91C4F-BA94-4652-AC0A-F3C3DD1F2E0C}"
EndProject
Project("{8BC9CEB8-8B4A-11D0-8D11-00A0C91BC942}") = "P27", "P27\P27.vcxproj", "{30AF7948-053E-4471-BCB3-C694C819F57C}"
EndProject
Global
	GlobalSection(SolutionConfigurationPlatforms) = preSolution
		Debug|x64 = Debug|x64
		Debug|x86 = Debug|x86
		Release|x64 = Release|x64
		Release|x86 = Release|x86
	EndGlobalSection
	GlobalSection(ProjectConfigurationPlatforms) = postSolution
		{BE432A6E-BA63-459A-A6DC-4296765221BD}.Debug|x64.ActiveCfg = Debug|x64
		{BE432A6E-BA63-459A-A6DC-4296765221BD}.Debug|x64.Build.0 = Debug|x64
		{BE432A6E-BA63-459A-A6DC-4296765221BD}.Debug|x86.ActiveCfg = Debug|Win32
		{BE432A6E-BA63-459A-A6DC-4296765221BD}.Debug|x86.Build.0 = Debug|Win32
		{BE432A6E-BA63-459A-A6DC-4296765221BD}.Release|x64.ActiveCfg = Release|x64
		{BE432A6E-BA63-459A-A6DC-4296765221BD}.Release|x64.Build.0 = Release|x64
		{BE432A6E-BA63-459A-A6DC-4296765221BD}.Release|x86.ActiveCfg = Release|Win32
		{BE432A6E-BA63-459A-A6DC-4296765221BD}.Release|x86.Build.0 = Release|Win32
		{AFFC8BC6-6A7E-4640-A1BD-19A828EB86FF}.Debug|x64.ActiveCfg = Debug|x64
		{AFFC8BC6-6A7E-4640-A1BD-19A828EB86FF}.Debug|x64.Build.0 = Debug|x64
		{AFFC8BC6-6A7E-4640-A1BD-19A828EB86FF}.Debug|x86.ActiveCfg = Debug|Win32
		{AFFC8BC6-6A7E-4640-A1BD-19A828EB86FF}.Debug|x86.Build.0 = Debug|Win32
		{AFFC8BC6-6A7E-4640-A1BD-19A828EB86FF}.Release|x64.ActiveCfg = Release|x64
		{AFFC8BC6-6A7E-4640-A1BD-19A828EB86FF}.Release|x64.Build.0 = Release|x64
		{AFFC8BC6-6A7E-4640-A1BD-19A828EB86FF}.Release|x86.ActiveCfg = Release|Win32
		{AFFC8BC6-6A7E-4640-A1BD-19A828EB86FF}.Release|x86.Build.0 = Release|Win32
		{C46C4BC1-14A6-494D-B659-82BB733CB690}.Debug|x64.ActiveCfg = Debug|x64
		{C46C4BC1-14A6-494D-B659-82BB733CB690}.Debug|x64.Build.0 = Debug|x64
		{C46C4BC1-14A6-494D-B659-82BB733CB690}.Debug|x86.ActiveCfg = Debug|Win32
		{C46C4BC1-14A6-494D-B659-82BB733CB690}.Debug|x86.Build.0 = Debug|Win32
		{C46C4BC1-14A6-494D-B659-82BB733CB690}.Release|x64.ActiveCfg = Release|x64
		{C46C4BC1-14A6-494D-B659-82BB733CB690}.Release|x64.Build.0 = Release|x64
		{C46C4BC1-14A6-494D-B659-82BB733CB690}.Release|x86.ActiveCfg = Release|Win32
		{C46C4BC1-14A6-494D-B659-82BB733CB690}.Release|x86.Build.0 = Release|Win32
		{C5373A3F-CC5C-427F-B0E5-3F1A5CCF5A40}.Debug|x64.ActiveCfg = Debug|x64
		{C5373A3F-CC5C-427F-B0E5-3F1A5CCF5A40}.Debug|x64.Build.0 = Debug|x64
		{C5373A3F-CC5C-427F-B0E5-3F1A5CCF5A40}.Debug|x86.ActiveCfg = Debug|Win32
		{C5373A3F-CC5C-427F-B0E5-3F1A5CCF5A40}.Debug|x86.Build.0 = Debug|Win32
		{C5373A3F-CC5C-427F-B0E5-3F1A5CCF5A40}.Release|x64.ActiveCfg = Release|x64
		{C5373A3F-CC5C-427F-B0E5-3F1A5CCF5A40}.Release|x64.Build.0 = Release|x64
		{C5373A3F-CC5C-427F-B0E5-3F1A5CCF5A40}.Release|x86.ActiveCfg = Release|Win32
		{C5373A3F-CC5C-427F-B0E5-3F1A5CCF5A40}.Release|x86.Build.0 = Release|Win32
		{489F29B8-2311-448C-97E6-FDE38952EE40}.Debug|x64.ActiveCfg = Debug|x64
		{489F29B8-2311-448C-97E6-FDE38952EE40}.Debug|x64.Build.0 = Debug|x64
		{489F29B8-2311-448C-97E6-FDE38952EE40}.Debug|x86.ActiveCfg = Debug|Win32
		{489F29B8-2311-448C-97E6-FDE38952EE40}.Debug|x86.Build.0 = Debug|Win32
		{489F29B8-2311-448C-97E6-FDE38952EE40}.Release|x64.ActiveCfg = Release|x64
		{489F29B8-2311-448C-97E6-FDE38952EE40}.Release|x64.Build.0 = Release|x64
		{489F29B8-2311-448C-97E6-FDE38952EE40}.Release|x86.ActiveCfg = Release|Win32
		{489F29B8-2311-448C-97E6-FDE38952EE40}.Release|x86.Build.0 = Release|Win32
		{7E0FAC3B-8FFE-4F8B-A7B1-866A8ED268EC}.Debug|x64.ActiveCfg = Debug|x64
		{7E0FAC3B-8FFE-4F8B-A7B1-866A8ED268EC}.Debug|x64.Build.0 = Debug|x64
		{7E0FAC3B-8FFE-4F8B-A7B1-866A8ED268EC}.Debug|x86.ActiveCfg = Debug|Win32
		{7E0FAC3B-8FFE-4F8B-A7B1-866A8ED268EC}.Debug|x86.Build.0 = Debug|Win32
		{7E0FAC3B-8FFE-4F8B-A7B1-866A8ED268EC}.Release|x64.ActiveCfg = Release|x64
		{7E0FAC3B-8FFE-4F8B-A7B1-866A8ED268EC}.Release|x64.Build.0 = Release|x64
		{7E0FAC3B-8FFE-4F8B-A7B1-866A8ED268EC}.Release|x86.ActiveCfg = Release|Win32
		{7E0FAC3B-8FFE-4F8B-A7B1-866A8ED268EC}.Release|x86.Build.0 = Release|Win32
		{8C28FDFF-22CB-4EC9-A4F5-3C0CEBD5E067}.Debug|x64.ActiveCfg = Debug|x64
		{8C28FDFF-22CB-4EC9-A4F5-3C0CEBD5E067}.Debug|x64.Build.0 = Debug|x64
		{8C28FDFF-22CB-4EC9-A4F5-3C0CEBD5E067}.Debug|x86.ActiveCfg = Debug|Win32
		{8C28FDFF-22CB-4EC9-A4F5-3C0CEBD5E067}.Debug|x86.Build.0 = Debug|Win32
		{8C28FDFF-22CB-4EC9-A4F5-3C0CEBD5E067}.Release|x64.ActiveCfg = Release|x64
		{8C28FDFF-22CB-4EC9-A4F5-3C0CEBD5E067}.Release|x64.Build.0 = Release|x64
		{8C28FDFF-22CB-4EC9-A4F5-3C0CEBD5E067}.Release|x86.ActiveCfg = Release|Win32
		{8C28FDFF-22CB-4EC9-A4F5-3C0CEBD5E067}.Release|x86.Build.0 = Release|Win32
		{36F61E7E-5295-48F7-AAB7-C0F96352F555}.Debug|x64.ActiveCfg = Debug|x64
		{36F61E7E-5295-48F7-AAB7-C0F96352F555}.Debug|x64.Build.0 = Debug|x64
		{36F61E7E-5295-48F7-AAB7-C0F96352F555}.Debug|x86.ActiveCfg = Debug|Win32
		{36F61E7E-5295-48F7-AAB7-C0F96352F555}.Debug|x86.Build.0 = Debug|Win32
		{36F61E7E-5295-48F7-AAB7-C0F96352F555}.Release|x64.ActiveCfg = Release|x64
		{36F61E7E-5295-48F7-AAB7-C0F96352F555}.Release|x64.Build.0 = Release|x64
		{36F61E7E-5295-48F7-AAB7-C0F96352F555}.Release|x86.ActiveCfg = Release|Win32
		{36F61E7E-5295-48F7-AAB7-C0F96352F555}.Release|x86.Build.0 = Release|Win32
		{98F91C4F-BA94-4652-AC0A-F3C3DD1F2E0C}.Debug|x64.ActiveCfg = Debug|x64
		{98F91C4F-BA94-4652-AC0A-F3C3DD1F2E0C}.Debug|x64.Build.0 = Debug|x64
		{98F91C4F-BA94-4652-AC0A-F3C3DD1F2E0C}.Debug|x86.ActiveCfg = Debug|Win32
		{98F91C4F-BA94-4652-AC0A-F3C3DD1F2E0C}.Debug|x86.Build.0 = Debug|Win32
		{98F91C4F-BA94-4652-AC0A-F3C3DD1F2E0C}.Release|x64.ActiveCfg = Release|x64
		{98F91C4F-BA94-4652-AC0A-F3C3DD1F2E0C}.Release|x64.Build.0 = Release|x64
		{98F91C4F-BA94-4652-AC0A-F3C3DD1F2E0C}.Release|x86.ActiveCfg = Release|Win32
		{98F91C4F-BA94-4652-AC0A-F3C3DD1F2E0C}.Release|x86.Build.0 = Release|Win32
		{30AF7948-053E-4471-BCB3-C694C819F57C}.Debug|x64.ActiveCfg = Debug|x64
		{30AF7948-053E-4471-BCB3-C694C819F57C}.Debug|x64.Build.0 = Debug|x64
		{30AF7948-053E-4471-BCB3-C694C819F57C}.Debug|x86.ActiveCfg = Debug|Win32
		{30AF7948-053E-4471-BCB3-C694C819F57C}.Debug|x86.Build.0 = Debug|Win32
		{30AF7948-053E-4471-BCB3-C694C819F57C}.Release|x64.ActiveCfg = Release|x64
		{30AF7948-053E-4471-BCB3-C694C819F57C}.Release|x64.Build.0 = Release|x64
		{30AF7948-053E-4471-BCB3-C694C819F57C}.Release|x86.ActiveCfg = Release|Win32
		{30AF7948-053E-4471-BCB3-C694C819F57C}.Release|x86.Build.0 = Release|Win32
	EndGlobalSection
	GlobalSection(SolutionProperties) = preSolution
		HideSolutionNode = FALSE
	EndGlobalSection
	GlobalSection(ExtensibilityGlobals) = postSolution
		SolutionGuid = {1770448F-CD25-43B4-B0EB-F5B821BDCFE5}
	EndGlobalSection
EndGlobal
